// !$*UTF8*$!
{
	archiveVersion = 1;
	classes = {
	};
	objectVersion = 46;
	objects = {

/* Begin PBXBuildFile section */
		3687DC011C240A08009AEA8C /* main.m in Sources */ = {isa = PBXBuildFile; fileRef = 3687DC001C240A08009AEA8C /* main.m */; };
		3687DC041C240A08009AEA8C /* AppDelegate.m in Sources */ = {isa = PBXBuildFile; fileRef = 3687DC031C240A08009AEA8C /* AppDelegate.m */; };
		3687DC071C240A08009AEA8C /* ViewController.m in Sources */ = {isa = PBXBuildFile; fileRef = 3687DC061C240A08009AEA8C /* ViewController.m */; };
		3687DC0A1C240A08009AEA8C /* Main.storyboard in Resources */ = {isa = PBXBuildFile; fileRef = 3687DC081C240A08009AEA8C /* Main.storyboard */; };
		3687DC0C1C240A08009AEA8C /* Assets.xcassets in Resources */ = {isa = PBXBuildFile; fileRef = 3687DC0B1C240A08009AEA8C /* Assets.xcassets */; };
		3687DC0F1C240A08009AEA8C /* LaunchScreen.storyboard in Resources */ = {isa = PBXBuildFile; fileRef = 3687DC0D1C240A08009AEA8C /* LaunchScreen.storyboard */; };
		3687DC1A1C240A08009AEA8C /* DemoTests.m in Sources */ = {isa = PBXBuildFile; fileRef = 3687DC191C240A08009AEA8C /* DemoTests.m */; };
		3687DC251C240A08009AEA8C /* DemoUITests.m in Sources */ = {isa = PBXBuildFile; fileRef = 3687DC241C240A08009AEA8C /* DemoUITests.m */; };
/* End PBXBuildFile section */

/* Begin PBXContainerItemProxy section */
		3687DC161C240A08009AEA8C /* PBXContainerItemProxy */ = {
			isa = PBXContainerItemProxy;
			containerPortal = 3687DBF41C240A08009AEA8C /* Project object */;
			proxyType = 1;
			remoteGlobalIDString = 3687DBFB1C240A08009AEA8C;
			remoteInfo = Demo;
		};
		3687DC211C240A08009AEA8C /* PBXContainerItemProxy */ = {
			isa = PBXContainerItemProxy;
			containerPortal = 3687DBF41C240A08009AEA8C /* Project object */;
			proxyType = 1;
			remoteGlobalIDString = 3687DBFB1C240A08009AEA8C;
			remoteInfo = Demo;
		};
/* End PBXContainerItemProxy section */

/* Begin PBXFileReference section */
		3687DBFC1C240A08009AEA8C /* Demo.app */ = {isa = PBXFileReference; explicitFileType = wrapper.application; includeInIndex = 0; path = Demo.app; sourceTree = BUILT_PRODUCTS_DIR; };
		3687DC001C240A08009AEA8C /* main.m */ = {isa = PBXFileReference; lastKnownFileType = sourcecode.c.objc; path = main.m; sourceTree = "<group>"; };
		3687DC021C240A08009AEA8C /* AppDelegate.h */ = {isa = PBXFileReference; lastKnownFileType = sourcecode.c.h; path = AppDelegate.h; sourceTree = "<group>"; };
		3687DC031C240A08009AEA8C /* AppDelegate.m */ = {isa = PBXFileReference; lastKnownFileType = sourcecode.c.objc; path = AppDelegate.m; sourceTree = "<group>"; };
		3687DC051C240A08009AEA8C /* ViewController.h */ = {isa = PBXFileReference; lastKnownFileType = sourcecode.c.h; path = ViewController.h; sourceTree = "<group>"; };
		3687DC061C240A08009AEA8C /* ViewController.m */ = {isa = PBXFileReference; lastKnownFileType = sourcecode.c.objc; path = ViewController.m; sourceTree = "<group>"; };
		3687DC091C240A08009AEA8C /* Base */ = {isa = PBXFileReference; lastKnownFileType = file.storyboard; name = Base; path = Base.lproj/Main.storyboard; sourceTree = "<group>"; };
		3687DC0B1C240A08009AEA8C /* Assets.xcassets */ = {isa = PBXFileReference; lastKnownFileType = folder.assetcatalog; path = Assets.xcassets; sourceTree = "<group>"; };
		3687DC0E1C240A08009AEA8C /* Base */ = {isa = PBXFileReference; lastKnownFileType = file.storyboard; name = Base; path = Base.lproj/LaunchScreen.storyboard; sourceTree = "<group>"; };
		3687DC101C240A08009AEA8C /* Info.plist */ = {isa = PBXFileReference; lastKnownFileType = text.plist.xml; path = Info.plist; sourceTree = "<group>"; };
		3687DC151C240A08009AEA8C /* DemoTests.xctest */ = {isa = PBXFileReference; explicitFileType = wrapper.cfbundle; includeInIndex = 0; path = DemoTests.xctest; sourceTree = BUILT_PRODUCTS_DIR; };
		3687DC191C240A08009AEA8C /* DemoTests.m */ = {isa = PBXFileReference; lastKnownFileType = sourcecode.c.objc; path = DemoTests.m; sourceTree = "<group>"; };
		3687DC1B1C240A08009AEA8C /* Info.plist */ = {isa = PBXFileReference; lastKnownFileType = text.plist.xml; path = Info.plist; sourceTree = "<group>"; };
		3687DC201C240A08009AEA8C /* DemoUITests.xctest */ = {isa = PBXFileReference; explicitFileType = wrapper.cfbundle; includeInIndex = 0; path = DemoUITests.xctest; sourceTree = BUILT_PRODUCTS_DIR; };
		3687DC241C240A08009AEA8C /* DemoUITests.m */ = {isa = PBXFileReference; lastKnownFileType = sourcecode.c.objc; path = DemoUITests.m; sourceTree = "<group>"; };
		3687DC261C240A08009AEA8C /* Info.plist */ = {isa = PBXFileReference; lastKnownFileType = text.plist.xml; path = Info.plist; sourceTree = "<group>"; };
/* End PBXFileReference section */

/* Begin PBXFrameworksBuildPhase section */
		3687DBF91C240A08009AEA8C /* Frameworks */ = {
			isa = PBXFrameworksBuildPhase;
			buildActionMask = 2147483647;
			files = (
			);
			runOnlyForDeploymentPostprocessing = 0;
		};
		3687DC121C240A08009AEA8C /* Frameworks */ = {
			isa = PBXFrameworksBuildPhase;
			buildActionMask = 2147483647;
			files = (
			);
			runOnlyForDeploymentPostprocessing = 0;
		};
		3687DC1D1C240A08009AEA8C /* Frameworks */ = {
			isa = PBXFrameworksBuildPhase;
			buildActionMask = 2147483647;
			files = (
			);
			runOnlyForDeploymentPostprocessing = 0;
		};
/* End PBXFrameworksBuildPhase section */

/* Begin PBXGroup section */
		3687DBF31C240A08009AEA8C = {
			isa = PBXGroup;
			children = (
				3687DBFE1C240A08009AEA8C /* Demo */,
				3687DC181C240A08009AEA8C /* DemoTests */,
				3687DC231C240A08009AEA8C /* DemoUITests */,
				3687DBFD1C240A08009AEA8C /* Products */,
			);
			sourceTree = "<group>";
		};
		3687DBFD1C240A08009AEA8C /* Products */ = {
			isa = PBXGroup;
			children = (
				3687DBFC1C240A08009AEA8C /* Demo.app */,
				3687DC151C240A08009AEA8C /* DemoTests.xctest */,
				3687DC201C240A08009AEA8C /* DemoUITests.xctest */,
			);
			name = Products;
			sourceTree = "<group>";
		};
		3687DBFE1C240A08009AEA8C /* Demo */ = {
			isa = PBXGroup;
			children = (
				3687DC021C240A08009AEA8C /* AppDelegate.h */,
				3687DC031C240A08009AEA8C /* AppDelegate.m */,
				3687DC051C240A08009AEA8C /* ViewController.h */,
				3687DC061C240A08009AEA8C /* ViewController.m */,
				3687DC081C240A08009AEA8C /* Main.storyboard */,
				3687DC0B1C240A08009AEA8C /* Assets.xcassets */,
				3687DC0D1C240A08009AEA8C /* LaunchScreen.storyboard */,
				3687DC101C240A08009AEA8C /* Info.plist */,
				3687DBFF1C240A08009AEA8C /* Supporting Files */,
			);
			path = Demo;
			sourceTree = "<group>";
		};
		3687DBFF1C240A08009AEA8C /* Supporting Files */ = {
			isa = PBXGroup;
			children = (
				3687DC001C240A08009AEA8C /* main.m */,
			);
			name = "Supporting Files";
			sourceTree = "<group>";
		};
		3687DC181C240A08009AEA8C /* DemoTests */ = {
			isa = PBXGroup;
			children = (
				3687DC191C240A08009AEA8C /* DemoTests.m */,
				3687DC1B1C240A08009AEA8C /* Info.plist */,
			);
			path = DemoTests;
			sourceTree = "<group>";
		};
		3687DC231C240A08009AEA8C /* DemoUITests */ = {
			isa = PBXGroup;
			children = (
				3687DC241C240A08009AEA8C /* DemoUITests.m */,
				3687DC261C240A08009AEA8C /* Info.plist */,
			);
			path = DemoUITests;
			sourceTree = "<group>";
		};
/* End PBXGroup section */

/* Begin PBXNativeTarget section */
		3687DBFB1C240A08009AEA8C /* Demo */ = {
			isa = PBXNativeTarget;
			buildConfigurationList = 3687DC291C240A08009AEA8C /* Build configuration list for PBXNativeTarget "Demo" */;
			buildPhases = (
				3687DBF81C240A08009AEA8C /* Sources */,
				3687DBF91C240A08009AEA8C /* Frameworks */,
				3687DBFA1C240A08009AEA8C /* Resources */,
			);
			buildRules = (
			);
			dependencies = (
			);
			name = Demo;
			productName = Demo;
			productReference = 3687DBFC1C240A08009AEA8C /* Demo.app */;
			productType = "com.apple.product-type.application";
		};
		3687DC141C240A08009AEA8C /* DemoTests */ = {
			isa = PBXNativeTarget;
			buildConfigurationList = 3687DC2C1C240A08009AEA8C /* Build configuration list for PBXNativeTarget "DemoTests" */;
			buildPhases = (
				3687DC111C240A08009AEA8C /* Sources */,
				3687DC121C240A08009AEA8C /* Frameworks */,
				3687DC131C240A08009AEA8C /* Resources */,
			);
			buildRules = (
			);
			dependencies = (
				3687DC171C240A08009AEA8C /* PBXTargetDependency */,
			);
			name = DemoTests;
			productName = DemoTests;
			productReference = 3687DC151C240A08009AEA8C /* DemoTests.xctest */;
			productType = "com.apple.product-type.bundle.unit-test";
		};
		3687DC1F1C240A08009AEA8C /* DemoUITests */ = {
			isa = PBXNativeTarget;
			buildConfigurationList = 3687DC2F1C240A08009AEA8C /* Build configuration list for PBXNativeTarget "DemoUITests" */;
			buildPhases = (
				3687DC1C1C240A08009AEA8C /* Sources */,
				3687DC1D1C240A08009AEA8C /* Frameworks */,
				3687DC1E1C240A08009AEA8C /* Resources */,
			);
			buildRules = (
			);
			dependencies = (
				3687DC221C240A08009AEA8C /* PBXTargetDependency */,
			);
			name = DemoUITests;
			productName = DemoUITests;
			productReference = 3687DC201C240A08009AEA8C /* DemoUITests.xctest */;
			productType = "com.apple.product-type.bundle.ui-testing";
		};
/* End PBXNativeTarget section */

/* Begin PBXProject section */
		3687DBF41C240A08009AEA8C /* Project object */ = {
			isa = PBXProject;
			attributes = {
				LastUpgradeCheck = 0700;
				ORGANIZATIONNAME = Hank;
				TargetAttributes = {
					3687DBFB1C240A08009AEA8C = {
						CreatedOnToolsVersion = 7.0.1;
					};
					3687DC141C240A08009AEA8C = {
						CreatedOnToolsVersion = 7.0.1;
						TestTargetID = 3687DBFB1C240A08009AEA8C;
					};
					3687DC1F1C240A08009AEA8C = {
						CreatedOnToolsVersion = 7.0.1;
						TestTargetID = 3687DBFB1C240A08009AEA8C;
					};
				};
			};
			buildConfigurationList = 3687DBF71C240A08009AEA8C /* Build configuration list for PBXProject "Demo" */;
			compatibilityVersion = "Xcode 3.2";
			developmentRegion = English;
			hasScannedForEncodings = 0;
			knownRegions = (
				en,
				Base,
			);
			mainGroup = 3687DBF31C240A08009AEA8C;
			productRefGroup = 3687DBFD1C240A08009AEA8C /* Products */;
			projectDirPath = "";
			projectRoot = "";
			targets = (
				3687DBFB1C240A08009AEA8C /* Demo */,
				3687DC141C240A08009AEA8C /* DemoTests */,
				3687DC1F1C240A08009AEA8C /* DemoUITests */,
			);
		};
/* End PBXProject section */

/* Begin PBXResourcesBuildPhase section */
		3687DBFA1C240A08009AEA8C /* Resources */ = {
			isa = PBXResourcesBuildPhase;
			buildActionMask = 2147483647;
			files = (
				3687DC0F1C240A08009AEA8C /* LaunchScreen.storyboard in Resources */,
				3687DC0C1C240A08009AEA8C /* Assets.xcassets in Resources */,
				3687DC0A1C240A08009AEA8C /* Main.storyboard in Resources */,
			);
			runOnlyForDeploymentPostprocessing = 0;
		};
		3687DC131C240A08009AEA8C /* Resources */ = {
			isa = PBXResourcesBuildPhase;
			buildActionMask = 2147483647;
			files = (
			);
			runOnlyForDeploymentPostprocessing = 0;
		};
		3687DC1E1C240A08009AEA8C /* Resources */ = {
			isa = PBXResourcesBuildPhase;
			buildActionMask = 2147483647;
			files = (
			);
			runOnlyForDeploymentPostprocessing = 0;
		};
/* End PBXResourcesBuildPhase section */

/* Begin PBXSourcesBuildPhase section */
		3687DBF81C240A08009AEA8C /* Sources */ = {
			isa = PBXSourcesBuildPhase;
			buildActionMask = 2147483647;
			files = (
				3687DC071C240A08009AEA8C /* ViewController.m in Sources */,
				3687DC041C240A08009AEA8C /* AppDelegate.m in Sources */,
				3687DC011C240A08009AEA8C /* main.m in Sources */,
			);
			runOnlyForDeploymentPostprocessing = 0;
		};
		3687DC111C240A08009AEA8C /* Sources */ = {
			isa = PBXSourcesBuildPhase;
			buildActionMask = 2147483647;
			files = (
				3687DC1A1C240A08009AEA8C /* DemoTests.m in Sources */,
			);
			runOnlyForDeploymentPostprocessing = 0;
		};
		3687DC1C1C240A08009AEA8C /* Sources */ = {
			isa = PBXSourcesBuildPhase;
			buildActionMask = 2147483647;
			files = (
				3687DC251C240A08009AEA8C /* DemoUITests.m in Sources */,
			);
			runOnlyForDeploymentPostprocessing = 0;
		};
/* End PBXSourcesBuildPhase section */

/* Begin PBXTargetDependency section */
		3687DC171C240A08009AEA8C /* PBXTargetDependency */ = {
			isa = PBXTargetDependency;
			target = 3687DBFB1C240A08009AEA8C /* Demo */;
			targetProxy = 3687DC161C240A08009AEA8C /* PBXContainerItemProxy */;
		};
		3687DC221C240A08009AEA8C /* PBXTargetDependency */ = {
			isa = PBXTargetDependency;
			target = 3687DBFB1C240A08009AEA8C /* Demo */;
			targetProxy = 3687DC211C240A08009AEA8C /* PBXContainerItemProxy */;
		};
/* End PBXTargetDependency section */

/* Begin PBXVariantGroup section */
		3687DC081C240A08009AEA8C /* Main.storyboard */ = {
			isa = PBXVariantGroup;
			children = (
				3687DC091C240A08009AEA8C /* Base */,
			);
			name = Main.storyboard;
			sourceTree = "<group>";
		};
		3687DC0D1C240A08009AEA8C /* LaunchScreen.storyboard */ = {
			isa = PBXVariantGroup;
			children = (
				3687DC0E1C240A08009AEA8C /* Base */,
			);
			name = LaunchScreen.storyboard;
			sourceTree = "<group>";
		};
/* End PBXVariantGroup section */

/* Begin XCBuildConfiguration section */
		3687DC271C240A08009AEA8C /* Debug */ = {
			isa = XCBuildConfiguration;
			buildSettings = {
				ALWAYS_SEARCH_USER_PATHS = NO;
				CLANG_CXX_LANGUAGE_STANDARD = "gnu++0x";
				CLANG_CXX_LIBRARY = "libc++";
				CLANG_ENABLE_MODULES = YES;
				CLANG_ENABLE_OBJC_ARC = YES;
				CLANG_WARN_BOOL_CONVERSION = YES;
				CLANG_WARN_CONSTANT_CONVERSION = YES;
				CLANG_WARN_DIRECT_OBJC_ISA_USAGE = YES_ERROR;
				CLANG_WARN_EMPTY_BODY = YES;
				CLANG_WARN_ENUM_CONVERSION = YES;
				CLANG_WARN_INT_CONVERSION = YES;
				CLANG_WARN_OBJC_ROOT_CLASS = YES_ERROR;
				CLANG_WARN_UNREACHABLE_CODE = YES;
				CLANG_WARN__DUPLICATE_METHOD_MATCH = YES;
				"CODE_SIGN_IDENTITY[sdk=iphoneos*]" = "iPhone Developer";
				COPY_PHASE_STRIP = NO;
				DEBUG_INFORMATION_FORMAT = dwarf;
				ENABLE_STRICT_OBJC_MSGSEND = YES;
				ENABLE_TESTABILITY = YES;
				GCC_C_LANGUAGE_STANDARD = gnu99;
				GCC_DYNAMIC_NO_PIC = NO;
				GCC_NO_COMMON_BLOCKS = YES;
				GCC_OPTIMIZATION_LEVEL = 0;
				GCC_PREPROCESSOR_DEFINITIONS = (
					"DEBUG=1",
					"$(inherited)",
				);
				GCC_WARN_64_TO_32_BIT_CONVERSION = YES;
				GCC_WARN_ABOUT_RETURN_TYPE = YES_ERROR;
				GCC_WARN_UNDECLARED_SELECTOR = YES;
				GCC_WARN_UNINITIALIZED_AUTOS = YES_AGGRESSIVE;
				GCC_WARN_UNUSED_FUNCTION = YES;
				GCC_WARN_UNUSED_VARIABLE = YES;
				IPHONEOS_DEPLOYMENT_TARGET = 9.0;
				MTL_ENABLE_DEBUG_INFO = YES;
				ONLY_ACTIVE_ARCH = YES;
				SDKROOT = iphoneos;
				TARGETED_DEVICE_FAMILY = "1,2";
			};
			name = Debug;
		};
		3687DC281C240A08009AEA8C /* Release */ = {
			isa = XCBuildConfiguration;
			buildSettings = {
				ALWAYS_SEARCH_USER_PATHS = NO;
				CLANG_CXX_LANGUAGE_STANDARD = "gnu++0x";
				CLANG_CXX_LIBRARY = "libc++";
				CLANG_ENABLE_MODULES = YES;
				CLANG_ENABLE_OBJC_ARC = YES;
				CLANG_WARN_BOOL_CONVERSION = YES;
				CLANG_WARN_CONSTANT_CONVERSION = YES;
				CLANG_WARN_DIRECT_OBJC_ISA_USAGE = YES_ERROR;
				CLANG_WARN_EMPTY_BODY = YES;
				CLANG_WARN_ENUM_CONVERSION = YES;
				CLANG_WARN_INT_CONVERSION = YES;
				CLANG_WARN_OBJC_ROOT_CLASS = YES_ERROR;
				CLANG_WARN_UNREACHABLE_CODE = YES;
				CLANG_WARN__DUPLICATE_METHOD_MATCH = YES;
				"CODE_SIGN_IDENTITY[sdk=iphoneos*]" = "iPhone Developer";
				COPY_PHASE_STRIP = NO;
				DEBUG_INFORMATION_FORMAT = "dwarf-with-dsym";
				ENABLE_NS_ASSERTIONS = NO;
				ENABLE_STRICT_OBJC_MSGSEND = YES;
				GCC_C_LANGUAGE_STANDARD = gnu99;
				GCC_NO_COMMON_BLOCKS = YES;
				GCC_WARN_64_TO_32_BIT_CONVERSION = YES;
				GCC_WARN_ABOUT_RETURN_TYPE = YES_ERROR;
				GCC_WARN_UNDECLARED_SELECTOR = YES;
				GCC_WARN_UNINITIALIZED_AUTOS = YES_AGGRESSIVE;
				GCC_WARN_UNUSED_FUNCTION = YES;
				GCC_WARN_UNUSED_VARIABLE = YES;
				IPHONEOS_DEPLOYMENT_TARGET = 9.0;
				MTL_ENABLE_DEBUG_INFO = NO;
				SDKROOT = iphoneos;
				TARGETED_DEVICE_FAMILY = "1,2";
				VALIDATE_PRODUCT = YES;
			};
			name = Release;
		};
		3687DC2A1C240A08009AEA8C /* Debug */ = {
			isa = XCBuildConfiguration;
			buildSettings = {
				ASSETCATALOG_COMPILER_APPICON_NAME = AppIcon;
				INFOPLIST_FILE = Demo/Info.plist;
				LD_RUNPATH_SEARCH_PATHS = "$(inherited) @executable_path/Frameworks";
				PRODUCT_BUNDLE_IDENTIFIER = www.jd.com.Demo;
				PRODUCT_NAME = "$(TARGET_NAME)";
			};
			name = Debug;
		};
		3687DC2B1C240A08009AEA8C /* Release */ = {
			isa = XCBuildConfiguration;
			buildSettings = {
				ASSETCATALOG_COMPILER_APPICON_NAME = AppIcon;
				INFOPLIST_FILE = Demo/Info.plist;
				LD_RUNPATH_SEARCH_PATHS = "$(inherited) @executable_path/Frameworks";
				PRODUCT_BUNDLE_IDENTIFIER = www.jd.com.Demo;
				PRODUCT_NAME = "$(TARGET_NAME)";
			};
			name = Release;
		};
		3687DC2D1C240A08009AEA8C /* Debug */ = {
			isa = XCBuildConfiguration;
			buildSettings = {
				BUNDLE_LOADER = "$(TEST_HOST)";
				INFOPLIST_FILE = DemoTests/Info.plist;
				LD_RUNPATH_SEARCH_PATHS = "$(inherited) @executable_path/Frameworks @loader_path/Frameworks";
				PRODUCT_BUNDLE_IDENTIFIER = www.jd.com.DemoTests;
				PRODUCT_NAME = "$(TARGET_NAME)";
				TEST_HOST = "$(BUILT_PRODUCTS_DIR)/Demo.app/Demo";
			};
			name = Debug;
		};
		3687DC2E1C240A08009AEA8C /* Release */ = {
			isa = XCBuildConfiguration;
			buildSettings = {
				BUNDLE_LOADER = "$(TEST_HOST)";
				INFOPLIST_FILE = DemoTests/Info.plist;
				LD_RUNPATH_SEARCH_PATHS = "$(inherited) @executable_path/Frameworks @loader_path/Frameworks";
				PRODUCT_BUNDLE_IDENTIFIER = www.jd.com.DemoTests;
				PRODUCT_NAME = "$(TARGET_NAME)";
				TEST_HOST = "$(BUILT_PRODUCTS_DIR)/Demo.app/Demo";
			};
			name = Release;
		};
		3687DC301C240A08009AEA8C /* Debug */ = {
			isa = XCBuildConfiguration;
			buildSettings = {
				INFOPLIST_FILE = DemoUITests/Info.plist;
				LD_RUNPATH_SEARCH_PATHS = "$(inherited) @executable_path/Frameworks @loader_path/Frameworks";
				PRODUCT_BUNDLE_IDENTIFIER = www.jd.com.DemoUITests;
				PRODUCT_NAME = "$(TARGET_NAME)";
				TEST_TARGET_NAME = Demo;
				USES_XCTRUNNER = YES;
			};
			name = Debug;
		};
		3687DC311C240A08009AEA8C /* Release */ = {
			isa = XCBuildConfiguration;
			buildSettings = {
				INFOPLIST_FILE = DemoUITests/Info.plist;
				LD_RUNPATH_SEARCH_PATHS = "$(inherited) @executable_path/Frameworks @loader_path/Frameworks";
				PRODUCT_BUNDLE_IDENTIFIER = www.jd.com.DemoUITests;
				PRODUCT_NAME = "$(TARGET_NAME)";
				TEST_TARGET_NAME = Demo;
				USES_XCTRUNNER = YES;
			};
			name = Release;
		};
/* End XCBuildConfiguration section */

/* Begin XCConfigurationList section */
		3687DBF71C240A08009AEA8C /* Build configuration list for PBXProject "Demo" */ = {
			isa = XCConfigurationList;
			buildConfigurations = (
				3687DC271C240A08009AEA8C /* Debug */,
				3687DC281C240A08009AEA8C /* Release */,
			);
			defaultConfigurationIsVisible = 0;
			defaultConfigurationName = Release;
		};
		3687DC291C240A08009AEA8C /* Build configuration list for PBXNativeTarget "Demo" */ = {
			isa = XCConfigurationList;
			buildConfigurations = (
				3687DC2A1C240A08009AEA8C /* Debug */,
				3687DC2B1C240A08009AEA8C /* Release */,
			);
			defaultConfigurationIsVisible = 0;
		};
		3687DC2C1C240A08009AEA8C /* Build configuration list for PBXNativeTarget "DemoTests" */ = {
			isa = XCConfigurationList;
			buildConfigurations = (
				3687DC2D1C240A08009AEA8C /* Debug */,
				3687DC2E1C240A08009AEA8C /* Release */,
			);
			defaultConfigurationIsVisible = 0;
		};
		3687DC2F1C240A08009AEA8C /* Build configuration list for PBXNativeTarget "DemoUITests" */ = {
			isa = XCConfigurationList;
			buildConfigurations = (
				3687DC301C240A08009AEA8C /* Debug */,
				3687DC311C240A08009AEA8C /* Release */,
			);
			defaultConfigurationIsVisible = 0;
		};
/* End XCConfigurationList section */
	};
	rootObject = 3687DBF41C240A08009AEA8C /* Project object */;
}
